
Microsoft Visual Studio Solution File, Format Version 12.00
# Visual Studio Version 16
VisualStudioVersion = 25.0.1706.3
MinimumVisualStudioVersion = 10.0.40219.1
Project("{FAE04EC0-301F-11D3-BF4B-00C04F79EFBC}") = "BulkyWeb", "BulkyWeb\BulkyWeb.csproj", "{0064ACEB-3678-4218-9586-52833F52B66F}"
EndProject
Project("{2150E333-8FDC-42A3-9474-1A3956D46DE8}") = "Solution Items", "Solution Items", "{6A5615FA-BE1D-4FF5-AA65-90A63991A7FC}"
	ProjectSection(SolutionItems) = preProject
		.editorconfig = .editorconfig
	EndProjectSection
EndProject
Project("{FAE04EC0-301F-11D3-BF4B-00C04F79EFBC}") = "Bulky.DataAccess", "Bulky.DataAccess\Bulky.DataAccess.csproj", "{789D3B4F-7B58-43F1-BD06-8DE81916D522}"
EndProject
Project("{FAE04EC0-301F-11D3-BF4B-00C04F79EFBC}") = "Bulky.Models", "Bulky.Models\Bulky.Models.csproj", "{4E5C8ADF-5A71-4C57-8061-1118ADE907CA}"
EndProject
Project("{FAE04EC0-301F-11D3-BF4B-00C04F79EFBC}") = "Bulky.Utility", "Bulky.Utility\Bulky.Utility.csproj", "{CEBA5340-3971-407E-8DDD-2AC647ED021E}"
EndProject
Global
	GlobalSection(SolutionConfigurationPlatforms) = preSolution
		Debug|Any CPU = Debug|Any CPU
		Release|Any CPU = Release|Any CPU
	EndGlobalSection
	GlobalSection(ProjectConfigurationPlatforms) = postSolution
		{0064ACEB-3678-4218-9586-52833F52B66F}.Debug|Any CPU.ActiveCfg = Debug|Any CPU
		{0064ACEB-3678-4218-9586-52833F52B66F}.Debug|Any CPU.Build.0 = Debug|Any CPU
		{0064ACEB-3678-4218-9586-52833F52B66F}.Release|Any CPU.ActiveCfg = Release|Any CPU
		{0064ACEB-3678-4218-9586-52833F52B66F}.Release|Any CPU.Build.0 = Release|Any CPU
		{789D3B4F-7B58-43F1-BD06-8DE81916D522}.Debug|Any CPU.ActiveCfg = Debug|Any CPU
		{789D3B4F-7B58-43F1-BD06-8DE81916D522}.Debug|Any CPU.Build.0 = Debug|Any CPU
		{789D3B4F-7B58-43F1-BD06-8DE81916D522}.Release|Any CPU.ActiveCfg = Release|Any CPU
		{789D3B4F-7B58-43F1-BD06-8DE81916D522}.Release|Any CPU.Build.0 = Release|Any CPU
		{4E5C8ADF-5A71-4C57-8061-1118ADE907CA}.Debug|Any CPU.ActiveCfg = Debug|Any CPU
		{4E5C8ADF-5A71-4C57-8061-1118ADE907CA}.Debug|Any CPU.Build.0 = Debug|Any CPU
		{4E5C8ADF-5A71-4C57-8061-1118ADE907CA}.Release|Any CPU.ActiveCfg = Release|Any CPU
		{4E5C8ADF-5A71-4C57-8061-1118ADE907CA}.Release|Any CPU.Build.0 = Release|Any CPU
		{CEBA5340-3971-407E-8DDD-2AC647ED021E}.Debug|Any CPU.ActiveCfg = Debug|Any CPU
		{CEBA5340-3971-407E-8DDD-2AC647ED021E}.Debug|Any CPU.Build.0 = Debug|Any CPU
		{CEBA5340-3971-407E-8DDD-2AC647ED021E}.Release|Any CPU.ActiveCfg = Release|Any CPU
		{CEBA5340-3971-407E-8DDD-2AC647ED021E}.Release|Any CPU.Build.0 = Release|Any CPU
	EndGlobalSection
	GlobalSection(SolutionProperties) = preSolution
		HideSolutionNode = FALSE
	EndGlobalSection
	GlobalSection(ExtensibilityGlobals) = postSolution
		SolutionGuid = {6CE9F520-183A-4EB4-BE52-E13611B2A5B4}
	EndGlobalSection
EndGlobal
